
Microsoft Visual Studio Solution File, Format Version 12.00
# Visual Studio Version 17
VisualStudioVersion = 17.5.33516.290
MinimumVisualStudioVersion = 10.0.40219.1
Project("{FAE04EC0-301F-11D3-BF4B-00C04F79EFBC}") = "code", "code.csproj", "{D4A56347-3B05-4781-BC17-1EB61B30F576}"
EndProject
Global
	GlobalSection(SolutionConfigurationPlatforms) = preSolution
		Debug|Any CPU = Debug|Any CPU
		Release|Any CPU = Release|Any CPU
	EndGlobalSection
	GlobalSection(ProjectConfigurationPlatforms) = postSolution
		{D4A56347-3B05-4781-BC17-1EB61B30F576}.Debug|Any CPU.ActiveCfg = Debug|Any CPU
		{D4A56347-3B05-4781-BC17-1EB61B30F576}.Debug|Any CPU.Build.0 = Debug|Any CPU
		{D4A56347-3B05-4781-BC17-1EB61B30F576}.Release|Any CPU.ActiveCfg = Release|Any CPU
		{D4A56347-3B05-4781-BC17-1EB61B30F576}.Release|Any CPU.Build.0 = Release|Any CPU
	EndGlobalSection
	GlobalSection(SolutionProperties) = preSolution
		HideSolutionNode = FALSE
	EndGlobalSection
	GlobalSection(ExtensibilityGlobals) = postSolution
		SolutionGuid = {558E6F1A-4B89-4DE2-9E12-9367FC0431B2}
	EndGlobalSection
EndGlobal
